// !$*UTF8*$!
{
	archiveVersion = 1;
	classes = {
	};
	objectVersion = 50;
	objects = {

/* Begin PBXBuildFile section */
		921F5D4224C3B21D00970137 /* structures.cpp in Sources */ = {isa = PBXBuildFile; fileRef = 921F5D4024C3B21D00970137 /* structures.cpp */; };
		925F2E122453BD3F000FA1DF /* BaseEntities.cpp in Sources */ = {isa = PBXBuildFile; fileRef = 925F2E112453BD3F000FA1DF /* BaseEntities.cpp */; };
		9279C8D024D8BF39007197D4 /* parameters.cpp in Sources */ = {isa = PBXBuildFile; fileRef = 9279C8CE24D8BF39007197D4 /* parameters.cpp */; };
		928CC37324B4EC60000788F9 /* interactions.cpp in Sources */ = {isa = PBXBuildFile; fileRef = 928CC37124B4EC60000788F9 /* interactions.cpp */; };
		92BB30352447BAF2006EDB1E /* main.cpp in Sources */ = {isa = PBXBuildFile; fileRef = 92BB30342447BAF2006EDB1E /* main.cpp */; };
		92BC1A0B24B2A498005E84CE /* BaseUnits.cpp in Sources */ = {isa = PBXBuildFile; fileRef = 92BC1A0924B2A498005E84CE /* BaseUnits.cpp */; };
		92F9EDA324E99402009ED6D9 /* foundation.cpp in Sources */ = {isa = PBXBuildFile; fileRef = 92F9EDA124E99402009ED6D9 /* foundation.cpp */; };
/* End PBXBuildFile section */

/* Begin PBXCopyFilesBuildPhase section */
		92BB302F2447BAF2006EDB1E /* CopyFiles */ = {
			isa = PBXCopyFilesBuildPhase;
			buildActionMask = 2147483647;
			dstPath = /usr/share/man/man1/;
			dstSubfolderSpec = 0;
			files = (
			);
			runOnlyForDeploymentPostprocessing = 1;
		};
/* End PBXCopyFilesBuildPhase section */

/* Begin PBXFileReference section */
		921F5D4024C3B21D00970137 /* structures.cpp */ = {isa = PBXFileReference; lastKnownFileType = sourcecode.cpp.cpp; path = structures.cpp; sourceTree = "<group>"; };
		921F5D4124C3B21D00970137 /* structures.h */ = {isa = PBXFileReference; lastKnownFileType = sourcecode.c.h; path = structures.h; sourceTree = "<group>"; };
		9254D44824F1B00A00F1D963 /* MinerMachines.rtf */ = {isa = PBXFileReference; lastKnownFileType = text.rtf; path = MinerMachines.rtf; sourceTree = "<group>"; };
		925F2E112453BD3F000FA1DF /* BaseEntities.cpp */ = {isa = PBXFileReference; lastKnownFileType = sourcecode.cpp.cpp; path = BaseEntities.cpp; sourceTree = "<group>"; };
		9279C8CE24D8BF39007197D4 /* parameters.cpp */ = {isa = PBXFileReference; lastKnownFileType = sourcecode.cpp.cpp; path = parameters.cpp; sourceTree = "<group>"; };
		9279C8CF24D8BF39007197D4 /* parameters.h */ = {isa = PBXFileReference; lastKnownFileType = sourcecode.c.h; path = parameters.h; sourceTree = "<group>"; };
		928CC37124B4EC60000788F9 /* interactions.cpp */ = {isa = PBXFileReference; lastKnownFileType = sourcecode.cpp.cpp; path = interactions.cpp; sourceTree = "<group>"; };
		928CC37224B4EC60000788F9 /* interactions.h */ = {isa = PBXFileReference; lastKnownFileType = sourcecode.c.h; path = interactions.h; sourceTree = "<group>"; };
		92ADCBFD2448E3A700BC2F59 /* listDS.h */ = {isa = PBXFileReference; lastKnownFileType = sourcecode.c.h; path = listDS.h; sourceTree = "<group>"; };
		92ADCC002448EF6C00BC2F59 /* generators.h */ = {isa = PBXFileReference; lastKnownFileType = sourcecode.c.h; path = generators.h; sourceTree = "<group>"; };
		92BB30312447BAF2006EDB1E /* RPsimulation */ = {isa = PBXFileReference; explicitFileType = "compiled.mach-o.executable"; includeInIndex = 0; path = RPsimulation; sourceTree = BUILT_PRODUCTS_DIR; };
		92BB30342447BAF2006EDB1E /* main.cpp */ = {isa = PBXFileReference; lastKnownFileType = sourcecode.cpp.cpp; path = main.cpp; sourceTree = "<group>"; };
		92BB303B2447BB3E006EDB1E /* BaseEntities.h */ = {isa = PBXFileReference; lastKnownFileType = sourcecode.c.h; path = BaseEntities.h; sourceTree = "<group>"; };
		92BC1A0824B2A46A005E84CE /* BaseUnits.h */ = {isa = PBXFileReference; lastKnownFileType = sourcecode.c.h; path = BaseUnits.h; sourceTree = "<group>"; };
		92BC1A0924B2A498005E84CE /* BaseUnits.cpp */ = {isa = PBXFileReference; lastKnownFileType = sourcecode.cpp.cpp; path = BaseUnits.cpp; sourceTree = "<group>"; };
		92F9EDA124E99402009ED6D9 /* foundation.cpp */ = {isa = PBXFileReference; lastKnownFileType = sourcecode.cpp.cpp; path = foundation.cpp; sourceTree = "<group>"; };
		92F9EDA224E99402009ED6D9 /* foundation.h */ = {isa = PBXFileReference; lastKnownFileType = sourcecode.c.h; path = foundation.h; sourceTree = "<group>"; };
/* End PBXFileReference section */

/* Begin PBXFrameworksBuildPhase section */
		92BB302E2447BAF2006EDB1E /* Frameworks */ = {
			isa = PBXFrameworksBuildPhase;
			buildActionMask = 2147483647;
			files = (
			);
			runOnlyForDeploymentPostprocessing = 0;
		};
/* End PBXFrameworksBuildPhase section */

/* Begin PBXGroup section */
		92BB30282447BAF2006EDB1E = {
			isa = PBXGroup;
			children = (
				92BB30332447BAF2006EDB1E /* RPsimulation */,
				92BB30322447BAF2006EDB1E /* Products */,
			);
			sourceTree = "<group>";
		};
		92BB30322447BAF2006EDB1E /* Products */ = {
			isa = PBXGroup;
			children = (
				92BB30312447BAF2006EDB1E /* RPsimulation */,
			);
			name = Products;
			sourceTree = "<group>";
		};
		92BB30332447BAF2006EDB1E /* RPsimulation */ = {
			isa = PBXGroup;
			children = (
				9254D44824F1B00A00F1D963 /* MinerMachines.rtf */,
				92F9EDA224E99402009ED6D9 /* foundation.h */,
				92F9EDA124E99402009ED6D9 /* foundation.cpp */,
				9279C8CF24D8BF39007197D4 /* parameters.h */,
				9279C8CE24D8BF39007197D4 /* parameters.cpp */,
				92ADCBFD2448E3A700BC2F59 /* listDS.h */,
				92BC1A0824B2A46A005E84CE /* BaseUnits.h */,
				92BC1A0924B2A498005E84CE /* BaseUnits.cpp */,
				92ADCC002448EF6C00BC2F59 /* generators.h */,
				92BB303B2447BB3E006EDB1E /* BaseEntities.h */,
				925F2E112453BD3F000FA1DF /* BaseEntities.cpp */,
				921F5D4124C3B21D00970137 /* structures.h */,
				921F5D4024C3B21D00970137 /* structures.cpp */,
				928CC37224B4EC60000788F9 /* interactions.h */,
				928CC37124B4EC60000788F9 /* interactions.cpp */,
				92BB30342447BAF2006EDB1E /* main.cpp */,
			);
			path = RPsimulation;
			sourceTree = "<group>";
		};
/* End PBXGroup section */

/* Begin PBXNativeTarget section */
		92BB30302447BAF2006EDB1E /* RPsimulation */ = {
			isa = PBXNativeTarget;
			buildConfigurationList = 92BB30382447BAF2006EDB1E /* Build configuration list for PBXNativeTarget "RPsimulation" */;
			buildPhases = (
				92BB302D2447BAF2006EDB1E /* Sources */,
				92BB302E2447BAF2006EDB1E /* Frameworks */,
				92BB302F2447BAF2006EDB1E /* CopyFiles */,
			);
			buildRules = (
			);
			dependencies = (
			);
			name = RPsimulation;
			productName = RPsimulation;
			productReference = 92BB30312447BAF2006EDB1E /* RPsimulation */;
			productType = "com.apple.product-type.tool";
		};
/* End PBXNativeTarget section */

/* Begin PBXProject section */
		92BB30292447BAF2006EDB1E /* Project object */ = {
			isa = PBXProject;
			attributes = {
				LastUpgradeCheck = 1150;
				ORGANIZATIONNAME = PouyApps;
				TargetAttributes = {
					92BB30302447BAF2006EDB1E = {
						CreatedOnToolsVersion = 11.4;
					};
				};
			};
			buildConfigurationList = 92BB302C2447BAF2006EDB1E /* Build configuration list for PBXProject "RPsimulation" */;
			compatibilityVersion = "Xcode 9.3";
			developmentRegion = en;
			hasScannedForEncodings = 0;
			knownRegions = (
				en,
				Base,
			);
			mainGroup = 92BB30282447BAF2006EDB1E;
			productRefGroup = 92BB30322447BAF2006EDB1E /* Products */;
			projectDirPath = "";
			projectRoot = "";
			targets = (
				92BB30302447BAF2006EDB1E /* RPsimulation */,
			);
		};
/* End PBXProject section */

/* Begin PBXSourcesBuildPhase section */
		92BB302D2447BAF2006EDB1E /* Sources */ = {
			isa = PBXSourcesBuildPhase;
			buildActionMask = 2147483647;
			files = (
				92BB30352447BAF2006EDB1E /* main.cpp in Sources */,
				925F2E122453BD3F000FA1DF /* BaseEntities.cpp in Sources */,
				921F5D4224C3B21D00970137 /* structures.cpp in Sources */,
				92BC1A0B24B2A498005E84CE /* BaseUnits.cpp in Sources */,
				928CC37324B4EC60000788F9 /* interactions.cpp in Sources */,
				92F9EDA324E99402009ED6D9 /* foundation.cpp in Sources */,
				9279C8D024D8BF39007197D4 /* parameters.cpp in Sources */,
			);
			runOnlyForDeploymentPostprocessing = 0;
		};
/* End PBXSourcesBuildPhase section */

/* Begin XCBuildConfiguration section */
		92BB30362447BAF2006EDB1E /* Debug */ = {
			isa = XCBuildConfiguration;
			buildSettings = {
				ALWAYS_SEARCH_USER_PATHS = NO;
				CLANG_ANALYZER_NONNULL = YES;
				CLANG_ANALYZER_NUMBER_OBJECT_CONVERSION = YES_AGGRESSIVE;
				CLANG_CXX_LANGUAGE_STANDARD = "gnu++14";
				CLANG_CXX_LIBRARY = "libc++";
				CLANG_ENABLE_MODULES = YES;
				CLANG_ENABLE_OBJC_ARC = YES;
				CLANG_ENABLE_OBJC_WEAK = YES;
				CLANG_WARN_BLOCK_CAPTURE_AUTORELEASING = YES;
				CLANG_WARN_BOOL_CONVERSION = YES;
				CLANG_WARN_COMMA = YES;
				CLANG_WARN_CONSTANT_CONVERSION = YES;
				CLANG_WARN_DEPRECATED_OBJC_IMPLEMENTATIONS = YES;
				CLANG_WARN_DIRECT_OBJC_ISA_USAGE = YES_ERROR;
				CLANG_WARN_DOCUMENTATION_COMMENTS = YES;
				CLANG_WARN_EMPTY_BODY = YES;
				CLANG_WARN_ENUM_CONVERSION = YES;
				CLANG_WARN_INFINITE_RECURSION = YES;
				CLANG_WARN_INT_CONVERSION = YES;
				CLANG_WARN_NON_LITERAL_NULL_CONVERSION = YES;
				CLANG_WARN_OBJC_IMPLICIT_RETAIN_SELF = YES;
				CLANG_WARN_OBJC_LITERAL_CONVERSION = YES;
				CLANG_WARN_OBJC_ROOT_CLASS = YES_ERROR;
				CLANG_WARN_RANGE_LOOP_ANALYSIS = YES;
				CLANG_WARN_STRICT_PROTOTYPES = YES;
				CLANG_WARN_SUSPICIOUS_MOVE = YES;
				CLANG_WARN_UNGUARDED_AVAILABILITY = YES_AGGRESSIVE;
				CLANG_WARN_UNREACHABLE_CODE = YES;
				CLANG_WARN__DUPLICATE_METHOD_MATCH = YES;
				COPY_PHASE_STRIP = NO;
				DEBUG_INFORMATION_FORMAT = dwarf;
				ENABLE_STRICT_OBJC_MSGSEND = YES;
				ENABLE_TESTABILITY = YES;
				GCC_C_LANGUAGE_STANDARD = gnu11;
				GCC_DYNAMIC_NO_PIC = NO;
				GCC_NO_COMMON_BLOCKS = YES;
				GCC_OPTIMIZATION_LEVEL = 0;
				GCC_PREPROCESSOR_DEFINITIONS = (
					"DEBUG=1",
					"$(inherited)",
				);
				GCC_WARN_64_TO_32_BIT_CONVERSION = YES;
				GCC_WARN_ABOUT_RETURN_TYPE = YES_ERROR;
				GCC_WARN_UNDECLARED_SELECTOR = YES;
				GCC_WARN_UNINITIALIZED_AUTOS = YES_AGGRESSIVE;
				GCC_WARN_UNUSED_FUNCTION = YES;
				GCC_WARN_UNUSED_VARIABLE = YES;
				MACOSX_DEPLOYMENT_TARGET = 10.15;
				MTL_ENABLE_DEBUG_INFO = INCLUDE_SOURCE;
				MTL_FAST_MATH = YES;
				ONLY_ACTIVE_ARCH = YES;
				SDKROOT = macosx;
			};
			name = Debug;
		};
		92BB30372447BAF2006EDB1E /* Release */ = {
			isa = XCBuildConfiguration;
			buildSettings = {
				ALWAYS_SEARCH_USER_PATHS = NO;
				CLANG_ANALYZER_NONNULL = YES;
				CLANG_ANALYZER_NUMBER_OBJECT_CONVERSION = YES_AGGRESSIVE;
				CLANG_CXX_LANGUAGE_STANDARD = "gnu++14";
				CLANG_CXX_LIBRARY = "libc++";
				CLANG_ENABLE_MODULES = YES;
				CLANG_ENABLE_OBJC_ARC = YES;
				CLANG_ENABLE_OBJC_WEAK = YES;
				CLANG_WARN_BLOCK_CAPTURE_AUTORELEASING = YES;
				CLANG_WARN_BOOL_CONVERSION = YES;
				CLANG_WARN_COMMA = YES;
				CLANG_WARN_CONSTANT_CONVERSION = YES;
				CLANG_WARN_DEPRECATED_OBJC_IMPLEMENTATIONS = YES;
				CLANG_WARN_DIRECT_OBJC_ISA_USAGE = YES_ERROR;
				CLANG_WARN_DOCUMENTATION_COMMENTS = YES;
				CLANG_WARN_EMPTY_BODY = YES;
				CLANG_WARN_ENUM_CONVERSION = YES;
				CLANG_WARN_INFINITE_RECURSION = YES;
				CLANG_WARN_INT_CONVERSION = YES;
				CLANG_WARN_NON_LITERAL_NULL_CONVERSION = YES;
				CLANG_WARN_OBJC_IMPLICIT_RETAIN_SELF = YES;
				CLANG_WARN_OBJC_LITERAL_CONVERSION = YES;
				CLANG_WARN_OBJC_ROOT_CLASS = YES_ERROR;
				CLANG_WARN_RANGE_LOOP_ANALYSIS = YES;
				CLANG_WARN_STRICT_PROTOTYPES = YES;
				CLANG_WARN_SUSPICIOUS_MOVE = YES;
				CLANG_WARN_UNGUARDED_AVAILABILITY = YES_AGGRESSIVE;
				CLANG_WARN_UNREACHABLE_CODE = YES;
				CLANG_WARN__DUPLICATE_METHOD_MATCH = YES;
				COPY_PHASE_STRIP = NO;
				DEBUG_INFORMATION_FORMAT = "dwarf-with-dsym";
				ENABLE_NS_ASSERTIONS = NO;
				ENABLE_STRICT_OBJC_MSGSEND = YES;
				GCC_C_LANGUAGE_STANDARD = gnu11;
				GCC_NO_COMMON_BLOCKS = YES;
				GCC_WARN_64_TO_32_BIT_CONVERSION = YES;
				GCC_WARN_ABOUT_RETURN_TYPE = YES_ERROR;
				GCC_WARN_UNDECLARED_SELECTOR = YES;
				GCC_WARN_UNINITIALIZED_AUTOS = YES_AGGRESSIVE;
				GCC_WARN_UNUSED_FUNCTION = YES;
				GCC_WARN_UNUSED_VARIABLE = YES;
				MACOSX_DEPLOYMENT_TARGET = 10.15;
				MTL_ENABLE_DEBUG_INFO = NO;
				MTL_FAST_MATH = YES;
				SDKROOT = macosx;
			};
			name = Release;
		};
		92BB30392447BAF2006EDB1E /* Debug */ = {
			isa = XCBuildConfiguration;
			buildSettings = {
				CODE_SIGN_IDENTITY = "-";
				CODE_SIGN_STYLE = Automatic;
				DEVELOPMENT_TEAM = GW7C4B9S25;
				ENABLE_HARDENED_RUNTIME = YES;
				PRODUCT_NAME = "$(TARGET_NAME)";
			};
			name = Debug;
		};
		92BB303A2447BAF2006EDB1E /* Release */ = {
			isa = XCBuildConfiguration;
			buildSettings = {
				CODE_SIGN_IDENTITY = "-";
				CODE_SIGN_STYLE = Automatic;
				DEVELOPMENT_TEAM = GW7C4B9S25;
				ENABLE_HARDENED_RUNTIME = YES;
				PRODUCT_NAME = "$(TARGET_NAME)";
			};
			name = Release;
		};
/* End XCBuildConfiguration section */

/* Begin XCConfigurationList section */
		92BB302C2447BAF2006EDB1E /* Build configuration list for PBXProject "RPsimulation" */ = {
			isa = XCConfigurationList;
			buildConfigurations = (
				92BB30362447BAF2006EDB1E /* Debug */,
				92BB30372447BAF2006EDB1E /* Release */,
			);
			defaultConfigurationIsVisible = 0;
			defaultConfigurationName = Release;
		};
		92BB30382447BAF2006EDB1E /* Build configuration list for PBXNativeTarget "RPsimulation" */ = {
			isa = XCConfigurationList;
			buildConfigurations = (
				92BB30392447BAF2006EDB1E /* Debug */,
				92BB303A2447BAF2006EDB1E /* Release */,
			);
			defaultConfigurationIsVisible = 0;
			defaultConfigurationName = Release;
		};
/* End XCConfigurationList section */
	};
	rootObject = 92BB30292447BAF2006EDB1E /* Project object */;
}
